# THIS IS AN AUTOGENERATED FILE. DO NOT EDIT THIS FILE DIRECTLY.
# yarn lockfile v1


"@types/debug@^4.1.7":
  "integrity" "sha512-9AonUzyTjXXhEOa0DnqpzZi6VHlqKMswga9EXjpXnnqxwLtdvPPtlO8evrI5D9S6asFRCQ6v+wpiUKbw+vKqyg=="
  "resolved" "https://registry.npmjs.org/@types/debug/-/debug-4.1.7.tgz"
  "version" "4.1.7"
  dependencies:
    "@types/ms" "*"

"@types/ms@*":
  "integrity" "sha512-iiUgKzV9AuaEkZqkOLDIvlQiL6ltuZd9tGcW3gwpnX8JbuiuhFlEGmmFXEXkN50Cvq7Os88IY2v0dkDqXYWVgA=="
  "resolved" "https://registry.npmjs.org/@types/ms/-/ms-0.7.31.tgz"
  "version" "0.7.31"

"@types/node@*":
  "integrity" "sha512-4YpbAsnJXWYK/fpTVFlMIcUIho2AYCi4wg5aNPrG1ng7fn/1/RZfCIpRCiBX+12RVa34RluilnvCqD+g3KiSiA=="
  "resolved" "https://registry.npmjs.org/@types/node/-/node-17.0.12.tgz"
  "version" "17.0.12"

"debug@^4.3.3":
  "integrity" "sha512-/zxw5+vh1Tfv+4Qn7a5nsbcJKPaSvCDhojn6FEl9vupwK2VCSDtEiEtqr8DFtzYFOdz63LBkxec7DYuc2jon6Q=="
  "resolved" "https://registry.npmjs.org/debug/-/debug-4.3.3.tgz"
  "version" "4.3.3"
  dependencies:
    "ms" "2.1.2"

"dottie@^2.0.2":
  "integrity" "sha512-fmrwR04lsniq/uSr8yikThDTrM7epXHBAAjH9TbeH3rEA8tdCO7mRzB9hdmdGyJCxF8KERo9CITcm3kGuoyMhg=="
  "resolved" "https://registry.npmjs.org/dottie/-/dottie-2.0.2.tgz"
  "version" "2.0.2"

"inflection@^1.13.1":
  "integrity" "sha512-dldYtl2WlN0QDkIDtg8+xFwOS2Tbmp12t1cHa5/YClU6ZQjTFm7B66UcVbh9NQB+HvT5BAd2t5+yKsBkw5pcqA=="
  "resolved" "https://registry.npmjs.org/inflection/-/inflection-1.13.1.tgz"
  "version" "1.13.1"

"lodash@^4.17.21":
  "integrity" "sha512-v2kDEe57lecTulaDIuNTPy3Ry4gLGJ6Z1O3vE1krgXZNrsQ+LFTGHVxVjcXPs17LhbZVGedAJv8XZ1tvj5FvSg=="
  "resolved" "https://registry.npmjs.org/lodash/-/lodash-4.17.21.tgz"
  "version" "4.17.21"

"lru-cache@^6.0.0":
  "integrity" "sha512-Jo6dJ04CmSjuznwJSS3pUeWmd/H0ffTlkXXgwZi+eq1UCmqQwCh+eLsYOYCwY991i2Fah4h1BEMCx4qThGbsiA=="
  "resolved" "https://registry.npmjs.org/lru-cache/-/lru-cache-6.0.0.tgz"
  "version" "6.0.0"
  dependencies:
    "yallist" "^4.0.0"

"moment-timezone@^0.5.34":
  "integrity" "sha512-3zAEHh2hKUs3EXLESx/wsgw6IQdusOT8Bxm3D9UrHPQR7zlMmzwybC8zHEM1tQ4LJwP7fcxrWr8tuBg05fFCbg=="
  "resolved" "https://registry.npmjs.org/moment-timezone/-/moment-timezone-0.5.34.tgz"
  "version" "0.5.34"
  dependencies:
    "moment" ">= 2.9.0"

"moment@^2.29.1", "moment@>= 2.9.0":
  "integrity" "sha512-kHmoybcPV8Sqy59DwNDY3Jefr64lK/by/da0ViFcuA4DH0vQg5Q6Ze5VimxkfQNSC+Mls/Kx53s7TjP1RhFEDQ=="
  "resolved" "https://registry.npmjs.org/moment/-/moment-2.29.1.tgz"
  "version" "2.29.1"

"ms@2.1.2":
  "integrity" "sha512-sGkPx+VjMtmA6MX27oA4FBFELFCZZ4S4XqeGOXCv68tT+jb3vk/RyaKWP0PTKyWtmLSM0b+adUTEvbs1PEaH2w=="
  "resolved" "https://registry.npmjs.org/ms/-/ms-2.1.2.tgz"
  "version" "2.1.2"

"pg-connection-string@^2.5.0":
  "integrity" "sha512-r5o/V/ORTA6TmUnyWZR9nCj1klXCO2CEKNRlVuJptZe85QuhFayC7WeMic7ndayT5IRIR0S0xFxFi2ousartlQ=="
  "resolved" "https://registry.npmjs.org/pg-connection-string/-/pg-connection-string-2.5.0.tgz"
  "version" "2.5.0"

"retry-as-promised@^5.0.0":
  "integrity" "sha512-6S+5LvtTl2ggBumk04hBo/4Uf6fRJUwIgunGZ7CYEBCeufGFW1Pu6ucUf/UskHeWOIsUcLOGLFXPig5tR5V1nA=="
  "resolved" "https://registry.npmjs.org/retry-as-promised/-/retry-as-promised-5.0.0.tgz"
  "version" "5.0.0"

"semver@^7.3.5":
  "integrity" "sha512-PoeGJYh8HK4BTO/a9Tf6ZG3veo/A7ZVsYrSA6J8ny9nb3B1VrpkuN+z9OE5wfE5p6H4LchYZsegiQgbJD94ZFQ=="
  "resolved" "https://registry.npmjs.org/semver/-/semver-7.3.5.tgz"
  "version" "7.3.5"
  dependencies:
    "lru-cache" "^6.0.0"

"sequelize-pool@^7.1.0":
  "integrity" "sha512-G9c0qlIWQSK29pR/5U2JF5dDQeqqHRragoyahj/Nx4KOOQ3CPPfzxnfqFPCSB7x5UgjOgnZ61nSxz+fjDpRlJg=="
  "resolved" "https://registry.npmjs.org/sequelize-pool/-/sequelize-pool-7.1.0.tgz"
  "version" "7.1.0"

"sequelize@^6.14.1":
  "integrity" "sha512-/GiibFCA1Pg3KZIoTsziYJDe2UF3/bcY5+yMdFs0vYrk/JuRG5mkpBQIfekhDPhbx6LnlkaTKci+Q5oJCW6n6Q=="
  "resolved" "https://registry.npmjs.org/sequelize/-/sequelize-6.14.1.tgz"
  "version" "6.14.1"
  dependencies:
    "@types/debug" "^4.1.7"
    "debug" "^4.3.3"
    "dottie" "^2.0.2"
    "inflection" "^1.13.1"
    "lodash" "^4.17.21"
    "moment" "^2.29.1"
    "moment-timezone" "^0.5.34"
    "pg-connection-string" "^2.5.0"
    "retry-as-promised" "^5.0.0"
    "semver" "^7.3.5"
    "sequelize-pool" "^7.1.0"
    "toposort-class" "^1.0.1"
    "uuid" "^8.3.2"
    "validator" "^13.7.0"
    "wkx" "^0.5.0"

"toposort-class@^1.0.1":
  "integrity" "sha1-f/0feMi+KMO6Rc1OGj9e4ZO9mYg="
  "resolved" "https://registry.npmjs.org/toposort-class/-/toposort-class-1.0.1.tgz"
  "version" "1.0.1"

"uuid@^8.3.2":
  "integrity" "sha512-+NYs2QeMWy+GWFOEm9xnn6HCDp0l7QBD7ml8zLUmJ+93Q5NF0NocErnwkTkXVFNiX3/fpC6afS8Dhb/gz7R7eg=="
  "resolved" "https://registry.npmjs.org/uuid/-/uuid-8.3.2.tgz"
  "version" "8.3.2"

"validator@^13.7.0":
  "integrity" "sha512-nYXQLCBkpJ8X6ltALua9dRrZDHVYxjJ1wgskNt1lH9fzGjs3tgojGSCBjmEPwkWS1y29+DrizMTW19Pr9uB2nw=="
  "resolved" "https://registry.npmjs.org/validator/-/validator-13.7.0.tgz"
  "version" "13.7.0"

"wkx@^0.5.0":
  "integrity" "sha512-Xng/d4Ichh8uN4l0FToV/258EjMGU9MGcA0HV2d9B/ZpZB3lqQm7nkOdZdm5GhKtLLhAE7PiVQwN4eN+2YJJUg=="
  "resolved" "https://registry.npmjs.org/wkx/-/wkx-0.5.0.tgz"
  "version" "0.5.0"
  dependencies:
    "@types/node" "*"

"yallist@^4.0.0":
  "integrity" "sha512-3wdGidZyq5PB084XLES5TpOSRA3wjXAlIWMhum2kRcv/41Sn2emQ0dycQW4uZXLejwKvg6EsvbdlVL+FYEct7A=="
  "resolved" "https://registry.npmjs.org/yallist/-/yallist-4.0.0.tgz"
  "version" "4.0.0"
